// !$*UTF8*$!
{
	archiveVersion = 1;
	classes = {
	};
	objectVersion = 46;
	objects = {

/* Begin PBXBuildFile section */
		93080CD81C41A33C00EB1DF4 /* AppDelegate.swift in Sources */ = {isa = PBXBuildFile; fileRef = 93080CD71C41A33C00EB1DF4 /* AppDelegate.swift */; };
		93080CDA1C41A33C00EB1DF4 /* CreateMemeViewController.swift in Sources */ = {isa = PBXBuildFile; fileRef = 93080CD91C41A33C00EB1DF4 /* CreateMemeViewController.swift */; };
		93080CDD1C41A33C00EB1DF4 /* Main.storyboard in Resources */ = {isa = PBXBuildFile; fileRef = 93080CDB1C41A33C00EB1DF4 /* Main.storyboard */; };
		93080CDF1C41A33C00EB1DF4 /* Assets.xcassets in Resources */ = {isa = PBXBuildFile; fileRef = 93080CDE1C41A33C00EB1DF4 /* Assets.xcassets */; };
		93080CE21C41A33C00EB1DF4 /* LaunchScreen.storyboard in Resources */ = {isa = PBXBuildFile; fileRef = 93080CE01C41A33C00EB1DF4 /* LaunchScreen.storyboard */; };
		93080CEA1C46FB9100EB1DF4 /* Meme.swift in Sources */ = {isa = PBXBuildFile; fileRef = 93080CE91C46FB9100EB1DF4 /* Meme.swift */; };
		938917C31C5415500080BAB5 /* MemeTableViewController.swift in Sources */ = {isa = PBXBuildFile; fileRef = 938917C21C5415500080BAB5 /* MemeTableViewController.swift */; };
		938917C51C5415D60080BAB5 /* MemeCollectionViewController.swift in Sources */ = {isa = PBXBuildFile; fileRef = 938917C41C5415D60080BAB5 /* MemeCollectionViewController.swift */; };
		938917C71C541CD70080BAB5 /* MemeCollectionViewCell.swift in Sources */ = {isa = PBXBuildFile; fileRef = 938917C61C541CD70080BAB5 /* MemeCollectionViewCell.swift */; };
		93F1B9211C6199DC0032D0B4 /* MemeDetailViewController.swift in Sources */ = {isa = PBXBuildFile; fileRef = 93F1B9201C6199DC0032D0B4 /* MemeDetailViewController.swift */; };
/* End PBXBuildFile section */

/* Begin PBXFileReference section */
		93080CD41C41A33C00EB1DF4 /* MemeMe.app */ = {isa = PBXFileReference; explicitFileType = wrapper.application; includeInIndex = 0; path = MemeMe.app; sourceTree = BUILT_PRODUCTS_DIR; };
		93080CD71C41A33C00EB1DF4 /* AppDelegate.swift */ = {isa = PBXFileReference; lastKnownFileType = sourcecode.swift; path = AppDelegate.swift; sourceTree = "<group>"; };
		93080CD91C41A33C00EB1DF4 /* CreateMemeViewController.swift */ = {isa = PBXFileReference; lastKnownFileType = sourcecode.swift; path = CreateMemeViewController.swift; sourceTree = "<group>"; };
		93080CDC1C41A33C00EB1DF4 /* Base */ = {isa = PBXFileReference; lastKnownFileType = file.storyboard; name = Base; path = Base.lproj/Main.storyboard; sourceTree = "<group>"; };
		93080CDE1C41A33C00EB1DF4 /* Assets.xcassets */ = {isa = PBXFileReference; lastKnownFileType = folder.assetcatalog; path = Assets.xcassets; sourceTree = "<group>"; };
		93080CE11C41A33C00EB1DF4 /* Base */ = {isa = PBXFileReference; lastKnownFileType = file.storyboard; name = Base; path = Base.lproj/LaunchScreen.storyboard; sourceTree = "<group>"; };
		93080CE31C41A33C00EB1DF4 /* Info.plist */ = {isa = PBXFileReference; lastKnownFileType = text.plist.xml; path = Info.plist; sourceTree = "<group>"; };
		93080CE91C46FB9100EB1DF4 /* Meme.swift */ = {isa = PBXFileReference; fileEncoding = 4; lastKnownFileType = sourcecode.swift; path = Meme.swift; sourceTree = "<group>"; };
		938917C21C5415500080BAB5 /* MemeTableViewController.swift */ = {isa = PBXFileReference; fileEncoding = 4; lastKnownFileType = sourcecode.swift; path = MemeTableViewController.swift; sourceTree = "<group>"; };
		938917C41C5415D60080BAB5 /* MemeCollectionViewController.swift */ = {isa = PBXFileReference; fileEncoding = 4; lastKnownFileType = sourcecode.swift; path = MemeCollectionViewController.swift; sourceTree = "<group>"; };
		938917C61C541CD70080BAB5 /* MemeCollectionViewCell.swift */ = {isa = PBXFileReference; fileEncoding = 4; lastKnownFileType = sourcecode.swift; path = MemeCollectionViewCell.swift; sourceTree = "<group>"; };
		93F1B9201C6199DC0032D0B4 /* MemeDetailViewController.swift */ = {isa = PBXFileReference; fileEncoding = 4; lastKnownFileType = sourcecode.swift; path = MemeDetailViewController.swift; sourceTree = "<group>"; };
/* End PBXFileReference section */

/* Begin PBXFrameworksBuildPhase section */
		93080CD11C41A33C00EB1DF4 /* Frameworks */ = {
			isa = PBXFrameworksBuildPhase;
			buildActionMask = 2147483647;
			files = (
			);
			runOnlyForDeploymentPostprocessing = 0;
		};
/* End PBXFrameworksBuildPhase section */

/* Begin PBXGroup section */
		93080CCB1C41A33C00EB1DF4 = {
			isa = PBXGroup;
			children = (
				93080CD61C41A33C00EB1DF4 /* MemeMe */,
				93080CD51C41A33C00EB1DF4 /* Products */,
			);
			sourceTree = "<group>";
		};
		93080CD51C41A33C00EB1DF4 /* Products */ = {
			isa = PBXGroup;
			children = (
				93080CD41C41A33C00EB1DF4 /* MemeMe.app */,
			);
			name = Products;
			sourceTree = "<group>";
		};
		93080CD61C41A33C00EB1DF4 /* MemeMe */ = {
			isa = PBXGroup;
			children = (
				93080CD71C41A33C00EB1DF4 /* AppDelegate.swift */,
				93080CE91C46FB9100EB1DF4 /* Meme.swift */,
				93080CD91C41A33C00EB1DF4 /* CreateMemeViewController.swift */,
				93080CDB1C41A33C00EB1DF4 /* Main.storyboard */,
				93080CDE1C41A33C00EB1DF4 /* Assets.xcassets */,
				93080CE01C41A33C00EB1DF4 /* LaunchScreen.storyboard */,
				93080CE31C41A33C00EB1DF4 /* Info.plist */,
				938917C21C5415500080BAB5 /* MemeTableViewController.swift */,
				938917C41C5415D60080BAB5 /* MemeCollectionViewController.swift */,
				938917C61C541CD70080BAB5 /* MemeCollectionViewCell.swift */,
				93F1B9201C6199DC0032D0B4 /* MemeDetailViewController.swift */,
			);
			path = MemeMe;
			sourceTree = "<group>";
		};
/* End PBXGroup section */

/* Begin PBXNativeTarget section */
		93080CD31C41A33C00EB1DF4 /* MemeMe */ = {
			isa = PBXNativeTarget;
			buildConfigurationList = 93080CE61C41A33C00EB1DF4 /* Build configuration list for PBXNativeTarget "MemeMe" */;
			buildPhases = (
				93080CD01C41A33C00EB1DF4 /* Sources */,
				93080CD11C41A33C00EB1DF4 /* Frameworks */,
				93080CD21C41A33C00EB1DF4 /* Resources */,
			);
			buildRules = (
			);
			dependencies = (
			);
			name = MemeMe;
			productName = MemeMe;
			productReference = 93080CD41C41A33C00EB1DF4 /* MemeMe.app */;
			productType = "com.apple.product-type.application";
		};
/* End PBXNativeTarget section */

/* Begin PBXProject section */
		93080CCC1C41A33C00EB1DF4 /* Project object */ = {
			isa = PBXProject;
			attributes = {
				LastSwiftUpdateCheck = 0720;
				LastUpgradeCheck = 0720;
				ORGANIZATIONNAME = "Campbell Moss";
				TargetAttributes = {
					93080CD31C41A33C00EB1DF4 = {
						CreatedOnToolsVersion = 7.2;
						DevelopmentTeam = F89SCDFT58;
					};
				};
			};
			buildConfigurationList = 93080CCF1C41A33C00EB1DF4 /* Build configuration list for PBXProject "MemeMe" */;
			compatibilityVersion = "Xcode 3.2";
			developmentRegion = English;
			hasScannedForEncodings = 0;
			knownRegions = (
				en,
				Base,
			);
			mainGroup = 93080CCB1C41A33C00EB1DF4;
			productRefGroup = 93080CD51C41A33C00EB1DF4 /* Products */;
			projectDirPath = "";
			projectRoot = "";
			targets = (
				93080CD31C41A33C00EB1DF4 /* MemeMe */,
			);
		};
/* End PBXProject section */

/* Begin PBXResourcesBuildPhase section */
		93080CD21C41A33C00EB1DF4 /* Resources */ = {
			isa = PBXResourcesBuildPhase;
			buildActionMask = 2147483647;
			files = (
				93080CE21C41A33C00EB1DF4 /* LaunchScreen.storyboard in Resources */,
				93080CDF1C41A33C00EB1DF4 /* Assets.xcassets in Resources */,
				93080CDD1C41A33C00EB1DF4 /* Main.storyboard in Resources */,
			);
			runOnlyForDeploymentPostprocessing = 0;
		};
/* End PBXResourcesBuildPhase section */

/* Begin PBXSourcesBuildPhase section */
		93080CD01C41A33C00EB1DF4 /* Sources */ = {
			isa = PBXSourcesBuildPhase;
			buildActionMask = 2147483647;
			files = (
				938917C71C541CD70080BAB5 /* MemeCollectionViewCell.swift in Sources */,
				93080CEA1C46FB9100EB1DF4 /* Meme.swift in Sources */,
				93080CDA1C41A33C00EB1DF4 /* CreateMemeViewController.swift in Sources */,
				938917C51C5415D60080BAB5 /* MemeCollectionViewController.swift in Sources */,
				93080CD81C41A33C00EB1DF4 /* AppDelegate.swift in Sources */,
				938917C31C5415500080BAB5 /* MemeTableViewController.swift in Sources */,
				93F1B9211C6199DC0032D0B4 /* MemeDetailViewController.swift in Sources */,
			);
			runOnlyForDeploymentPostprocessing = 0;
		};
/* End PBXSourcesBuildPhase section */

/* Begin PBXVariantGroup section */
		93080CDB1C41A33C00EB1DF4 /* Main.storyboard */ = {
			isa = PBXVariantGroup;
			children = (
				93080CDC1C41A33C00EB1DF4 /* Base */,
			);
			name = Main.storyboard;
			sourceTree = "<group>";
		};
		93080CE01C41A33C00EB1DF4 /* LaunchScreen.storyboard */ = {
			isa = PBXVariantGroup;
			children = (
				93080CE11C41A33C00EB1DF4 /* Base */,
			);
			name = LaunchScreen.storyboard;
			sourceTree = "<group>";
		};
/* End PBXVariantGroup section */

/* Begin XCBuildConfiguration section */
		93080CE41C41A33C00EB1DF4 /* Debug */ = {
			isa = XCBuildConfiguration;
			buildSettings = {
				ALWAYS_SEARCH_USER_PATHS = NO;
				CLANG_CXX_LANGUAGE_STANDARD = "gnu++0x";
				CLANG_CXX_LIBRARY = "libc++";
				CLANG_ENABLE_MODULES = YES;
				CLANG_ENABLE_OBJC_ARC = YES;
				CLANG_WARN_BOOL_CONVERSION = YES;
				CLANG_WARN_CONSTANT_CONVERSION = YES;
				CLANG_WARN_DIRECT_OBJC_ISA_USAGE = YES_ERROR;
				CLANG_WARN_EMPTY_BODY = YES;
				CLANG_WARN_ENUM_CONVERSION = YES;
				CLANG_WARN_INT_CONVERSION = YES;
				CLANG_WARN_OBJC_ROOT_CLASS = YES_ERROR;
				CLANG_WARN_UNREACHABLE_CODE = YES;
				CLANG_WARN__DUPLICATE_METHOD_MATCH = YES;
				"CODE_SIGN_IDENTITY[sdk=iphoneos*]" = "iPhone Developer";
				COPY_PHASE_STRIP = NO;
				DEBUG_INFORMATION_FORMAT = dwarf;
				ENABLE_STRICT_OBJC_MSGSEND = YES;
				ENABLE_TESTABILITY = YES;
				GCC_C_LANGUAGE_STANDARD = gnu99;
				GCC_DYNAMIC_NO_PIC = NO;
				GCC_NO_COMMON_BLOCKS = YES;
				GCC_OPTIMIZATION_LEVEL = 0;
				GCC_PREPROCESSOR_DEFINITIONS = (
					"DEBUG=1",
					"$(inherited)",
				);
				GCC_WARN_64_TO_32_BIT_CONVERSION = YES;
				GCC_WARN_ABOUT_RETURN_TYPE = YES_ERROR;
				GCC_WARN_UNDECLARED_SELECTOR = YES;
				GCC_WARN_UNINITIALIZED_AUTOS = YES_AGGRESSIVE;
				GCC_WARN_UNUSED_FUNCTION = YES;
				GCC_WARN_UNUSED_VARIABLE = YES;
				IPHONEOS_DEPLOYMENT_TARGET = 9.2;
				MTL_ENABLE_DEBUG_INFO = YES;
				ONLY_ACTIVE_ARCH = YES;
				SDKROOT = iphoneos;
				SWIFT_OPTIMIZATION_LEVEL = "-Onone";
			};
			name = Debug;
		};
		93080CE51C41A33C00EB1DF4 /* Release */ = {
			isa = XCBuildConfiguration;
			buildSettings = {
				ALWAYS_SEARCH_USER_PATHS = NO;
				CLANG_CXX_LANGUAGE_STANDARD = "gnu++0x";
				CLANG_CXX_LIBRARY = "libc++";
				CLANG_ENABLE_MODULES = YES;
				CLANG_ENABLE_OBJC_ARC = YES;
				CLANG_WARN_BOOL_CONVERSION = YES;
				CLANG_WARN_CONSTANT_CONVERSION = YES;
				CLANG_WARN_DIRECT_OBJC_ISA_USAGE = YES_ERROR;
				CLANG_WARN_EMPTY_BODY = YES;
				CLANG_WARN_ENUM_CONVERSION = YES;
				CLANG_WARN_INT_CONVERSION = YES;
				CLANG_WARN_OBJC_ROOT_CLASS = YES_ERROR;
				CLANG_WARN_UNREACHABLE_CODE = YES;
				CLANG_WARN__DUPLICATE_METHOD_MATCH = YES;
				"CODE_SIGN_IDENTITY[sdk=iphoneos*]" = "iPhone Developer";
				COPY_PHASE_STRIP = NO;
				DEBUG_INFORMATION_FORMAT = "dwarf-with-dsym";
				ENABLE_NS_ASSERTIONS = NO;
				ENABLE_STRICT_OBJC_MSGSEND = YES;
				GCC_C_LANGUAGE_STANDARD = gnu99;
				GCC_NO_COMMON_BLOCKS = YES;
				GCC_WARN_64_TO_32_BIT_CONVERSION = YES;
				GCC_WARN_ABOUT_RETURN_TYPE = YES_ERROR;
				GCC_WARN_UNDECLARED_SELECTOR = YES;
				GCC_WARN_UNINITIALIZED_AUTOS = YES_AGGRESSIVE;
				GCC_WARN_UNUSED_FUNCTION = YES;
				GCC_WARN_UNUSED_VARIABLE = YES;
				IPHONEOS_DEPLOYMENT_TARGET = 9.2;
				MTL_ENABLE_DEBUG_INFO = NO;
				SDKROOT = iphoneos;
				VALIDATE_PRODUCT = YES;
			};
			name = Release;
		};
		93080CE71C41A33C00EB1DF4 /* Debug */ = {
			isa = XCBuildConfiguration;
			buildSettings = {
				ASSETCATALOG_COMPILER_APPICON_NAME = AppIcon;
				CODE_SIGN_IDENTITY = "iPhone Developer";
				"CODE_SIGN_IDENTITY[sdk=iphoneos*]" = "iPhone Developer";
				INFOPLIST_FILE = MemeMe/Info.plist;
				IPHONEOS_DEPLOYMENT_TARGET = 8.0;
				LD_RUNPATH_SEARCH_PATHS = "$(inherited) @executable_path/Frameworks";
				PRODUCT_BUNDLE_IDENTIFIER = com.cmoss.MemeMe;
				PRODUCT_NAME = "$(TARGET_NAME)";
				PROVISIONING_PROFILE = "";
			};
			name = Debug;
		};
		93080CE81C41A33C00EB1DF4 /* Release */ = {
			isa = XCBuildConfiguration;
			buildSettings = {
				ASSETCATALOG_COMPILER_APPICON_NAME = AppIcon;
				CODE_SIGN_IDENTITY = "iPhone Developer";
				"CODE_SIGN_IDENTITY[sdk=iphoneos*]" = "iPhone Developer";
				INFOPLIST_FILE = MemeMe/Info.plist;
				IPHONEOS_DEPLOYMENT_TARGET = 8.0;
				LD_RUNPATH_SEARCH_PATHS = "$(inherited) @executable_path/Frameworks";
				PRODUCT_BUNDLE_IDENTIFIER = com.cmoss.MemeMe;
				PRODUCT_NAME = "$(TARGET_NAME)";
				PROVISIONING_PROFILE = "";
			};
			name = Release;
		};
/* End XCBuildConfiguration section */

/* Begin XCConfigurationList section */
		93080CCF1C41A33C00EB1DF4 /* Build configuration list for PBXProject "MemeMe" */ = {
			isa = XCConfigurationList;
			buildConfigurations = (
				93080CE41C41A33C00EB1DF4 /* Debug */,
				93080CE51C41A33C00EB1DF4 /* Release */,
			);
			defaultConfigurationIsVisible = 0;
			defaultConfigurationName = Release;
		};
		93080CE61C41A33C00EB1DF4 /* Build configuration list for PBXNativeTarget "MemeMe" */ = {
			isa = XCConfigurationList;
			buildConfigurations = (
				93080CE71C41A33C00EB1DF4 /* Debug */,
				93080CE81C41A33C00EB1DF4 /* Release */,
			);
			defaultConfigurationIsVisible = 0;
			defaultConfigurationName = Release;
		};
/* End XCConfigurationList section */
	};
	rootObject = 93080CCC1C41A33C00EB1DF4 /* Project object */;
}
